{
  "name": "server",
  "version": "1.0.0",
  "dependencies": {
    "@sindresorhus/is": {
      "version": "0.14.0",
      "from": "@sindresorhus/is@>=0.14.0 <0.15.0",
      "resolved": "https://registry.npmjs.org/@sindresorhus/is/-/is-0.14.0.tgz"
    },
    "@szmarczak/http-timer": {
      "version": "1.1.2",
      "from": "@szmarczak/http-timer@>=1.1.2 <2.0.0",
      "resolved": "https://registry.npmjs.org/@szmarczak/http-timer/-/http-timer-1.1.2.tgz"
    },
    "@types/color-name": {
      "version": "1.1.1",
      "from": "@types/color-name@>=1.1.1 <2.0.0",
      "resolved": "https://registry.npmjs.org/@types/color-name/-/color-name-1.1.1.tgz"
    },
    "abbrev": {
      "version": "1.1.1",
      "from": "abbrev@>=1.0.0 <2.0.0",
      "resolved": "https://registry.npmjs.org/abbrev/-/abbrev-1.1.1.tgz"
    },
    "accepts": {
      "version": "1.3.7",
      "from": "accepts@>=1.3.7 <1.4.0",
      "resolved": "https://registry.npmjs.org/accepts/-/accepts-1.3.7.tgz"
    },
    "ansi-align": {
      "version": "3.0.0",
      "from": "ansi-align@>=3.0.0 <4.0.0",
      "resolved": "https://registry.npmjs.org/ansi-align/-/ansi-align-3.0.0.tgz",
      "dependencies": {
        "string-width": {
          "version": "3.1.0",
          "from": "string-width@>=3.0.0 <4.0.0",
          "resolved": "https://registry.npmjs.org/string-width/-/string-width-3.1.0.tgz"
        }
      }
    },
    "ansi-regex": {
      "version": "4.1.0",
      "from": "ansi-regex@>=4.1.0 <5.0.0",
      "resolved": "https://registry.npmjs.org/ansi-regex/-/ansi-regex-4.1.0.tgz"
    },
    "ansi-styles": {
      "version": "4.2.1",
      "from": "ansi-styles@>=4.1.0 <5.0.0",
      "resolved": "https://registry.npmjs.org/ansi-styles/-/ansi-styles-4.2.1.tgz"
    },
    "anymatch": {
      "version": "3.1.1",
      "from": "anymatch@>=3.1.1 <3.2.0",
      "resolved": "https://registry.npmjs.org/anymatch/-/anymatch-3.1.1.tgz"
    },
    "array-flatten": {
      "version": "1.1.1",
      "from": "array-flatten@1.1.1",
      "resolved": "https://registry.npmjs.org/array-flatten/-/array-flatten-1.1.1.tgz"
    },
    "balanced-match": {
      "version": "1.0.0",
      "from": "balanced-match@>=1.0.0 <2.0.0",
      "resolved": "https://registry.npmjs.org/balanced-match/-/balanced-match-1.0.0.tgz"
    },
    "bignumber.js": {
      "version": "9.0.0",
      "from": "bignumber.js@9.0.0",
      "resolved": "https://registry.npmjs.org/bignumber.js/-/bignumber.js-9.0.0.tgz"
    },
    "binary-extensions": {
      "version": "2.0.0",
      "from": "binary-extensions@>=2.0.0 <3.0.0",
      "resolved": "https://registry.npmjs.org/binary-extensions/-/binary-extensions-2.0.0.tgz"
    },
    "body-parser": {
      "version": "1.19.0",
      "from": "body-parser@1.19.0",
      "resolved": "https://registry.npmjs.org/body-parser/-/body-parser-1.19.0.tgz"
    },
    "boxen": {
      "version": "4.2.0",
      "from": "boxen@>=4.2.0 <5.0.0",
      "resolved": "https://registry.npmjs.org/boxen/-/boxen-4.2.0.tgz"
    },
    "brace-expansion": {
      "version": "1.1.11",
      "from": "brace-expansion@>=1.1.7 <2.0.0",
      "resolved": "https://registry.npmjs.org/brace-expansion/-/brace-expansion-1.1.11.tgz"
    },
    "braces": {
      "version": "3.0.2",
      "from": "braces@>=3.0.2 <3.1.0",
      "resolved": "https://registry.npmjs.org/braces/-/braces-3.0.2.tgz"
    },
    "bytes": {
      "version": "3.1.0",
      "from": "bytes@3.1.0",
      "resolved": "https://registry.npmjs.org/bytes/-/bytes-3.1.0.tgz"
    },
    "cacheable-request": {
      "version": "6.1.0",
      "from": "cacheable-request@>=6.0.0 <7.0.0",
      "resolved": "https://registry.npmjs.org/cacheable-request/-/cacheable-request-6.1.0.tgz",
      "dependencies": {
        "get-stream": {
          "version": "5.1.0",
          "from": "get-stream@>=5.1.0 <6.0.0",
          "resolved": "https://registry.npmjs.org/get-stream/-/get-stream-5.1.0.tgz"
        },
        "lowercase-keys": {
          "version": "2.0.0",
          "from": "lowercase-keys@>=2.0.0 <3.0.0",
          "resolved": "https://registry.npmjs.org/lowercase-keys/-/lowercase-keys-2.0.0.tgz"
        }
      }
    },
    "camelcase": {
      "version": "5.3.1",
      "from": "camelcase@>=5.3.1 <6.0.0",
      "resolved": "https://registry.npmjs.org/camelcase/-/camelcase-5.3.1.tgz"
    },
    "chalk": {
      "version": "3.0.0",
      "from": "chalk@>=3.0.0 <4.0.0",
      "resolved": "https://registry.npmjs.org/chalk/-/chalk-3.0.0.tgz",
      "dependencies": {
        "has-flag": {
          "version": "4.0.0",
          "from": "has-flag@>=4.0.0 <5.0.0",
          "resolved": "https://registry.npmjs.org/has-flag/-/has-flag-4.0.0.tgz"
        },
        "supports-color": {
          "version": "7.1.0",
          "from": "supports-color@>=7.1.0 <8.0.0",
          "resolved": "https://registry.npmjs.org/supports-color/-/supports-color-7.1.0.tgz"
        }
      }
    },
    "chokidar": {
      "version": "3.3.1",
      "from": "chokidar@>=3.2.2 <4.0.0",
      "resolved": "https://registry.npmjs.org/chokidar/-/chokidar-3.3.1.tgz"
    },
    "ci-info": {
      "version": "2.0.0",
      "from": "ci-info@>=2.0.0 <3.0.0",
      "resolved": "https://registry.npmjs.org/ci-info/-/ci-info-2.0.0.tgz"
    },
    "cli-boxes": {
      "version": "2.2.0",
      "from": "cli-boxes@>=2.2.0 <3.0.0",
      "resolved": "https://registry.npmjs.org/cli-boxes/-/cli-boxes-2.2.0.tgz"
    },
    "clone-response": {
      "version": "1.0.2",
      "from": "clone-response@>=1.0.2 <2.0.0",
      "resolved": "https://registry.npmjs.org/clone-response/-/clone-response-1.0.2.tgz"
    },
    "color-convert": {
      "version": "2.0.1",
      "from": "color-convert@>=2.0.1 <3.0.0",
      "resolved": "https://registry.npmjs.org/color-convert/-/color-convert-2.0.1.tgz"
    },
    "color-name": {
      "version": "1.1.4",
      "from": "color-name@>=1.1.4 <1.2.0",
      "resolved": "https://registry.npmjs.org/color-name/-/color-name-1.1.4.tgz"
    },
    "concat-map": {
      "version": "0.0.1",
      "from": "concat-map@0.0.1",
      "resolved": "https://registry.npmjs.org/concat-map/-/concat-map-0.0.1.tgz"
    },
    "configstore": {
      "version": "5.0.1",
      "from": "configstore@>=5.0.1 <6.0.0",
      "resolved": "https://registry.npmjs.org/configstore/-/configstore-5.0.1.tgz"
    },
    "content-disposition": {
      "version": "0.5.3",
      "from": "content-disposition@0.5.3",
      "resolved": "https://registry.npmjs.org/content-disposition/-/content-disposition-0.5.3.tgz"
    },
    "content-type": {
      "version": "1.0.4",
      "from": "content-type@>=1.0.4 <1.1.0",
      "resolved": "https://registry.npmjs.org/content-type/-/content-type-1.0.4.tgz"
    },
    "cookie": {
      "version": "0.4.0",
      "from": "cookie@0.4.0",
      "resolved": "https://registry.npmjs.org/cookie/-/cookie-0.4.0.tgz"
    },
    "cookie-signature": {
      "version": "1.0.6",
      "from": "cookie-signature@1.0.6",
      "resolved": "https://registry.npmjs.org/cookie-signature/-/cookie-signature-1.0.6.tgz"
    },
    "core-util-is": {
      "version": "1.0.2",
      "from": "core-util-is@>=1.0.0 <1.1.0",
      "resolved": "https://registry.npmjs.org/core-util-is/-/core-util-is-1.0.2.tgz"
    },
    "cors": {
      "version": "2.8.5",
      "from": "cors@latest",
      "resolved": "https://registry.npmjs.org/cors/-/cors-2.8.5.tgz"
    },
    "crypto-random-string": {
      "version": "2.0.0",
      "from": "crypto-random-string@>=2.0.0 <3.0.0",
      "resolved": "https://registry.npmjs.org/crypto-random-string/-/crypto-random-string-2.0.0.tgz"
    },
    "debug": {
      "version": "2.6.9",
      "from": "debug@2.6.9",
      "resolved": "https://registry.npmjs.org/debug/-/debug-2.6.9.tgz"
    },
    "decompress-response": {
      "version": "3.3.0",
      "from": "decompress-response@>=3.3.0 <4.0.0",
      "resolved": "https://registry.npmjs.org/decompress-response/-/decompress-response-3.3.0.tgz"
    },
    "deep-extend": {
      "version": "0.6.0",
      "from": "deep-extend@>=0.6.0 <0.7.0",
      "resolved": "https://registry.npmjs.org/deep-extend/-/deep-extend-0.6.0.tgz"
    },
    "defer-to-connect": {
      "version": "1.1.3",
      "from": "defer-to-connect@>=1.0.1 <2.0.0",
      "resolved": "https://registry.npmjs.org/defer-to-connect/-/defer-to-connect-1.1.3.tgz"
    },
    "depd": {
      "version": "1.1.2",
      "from": "depd@>=1.1.2 <1.2.0",
      "resolved": "https://registry.npmjs.org/depd/-/depd-1.1.2.tgz"
    },
    "destroy": {
      "version": "1.0.4",
      "from": "destroy@>=1.0.4 <1.1.0",
      "resolved": "https://registry.npmjs.org/destroy/-/destroy-1.0.4.tgz"
    },
    "dot-prop": {
      "version": "5.2.0",
      "from": "dot-prop@>=5.2.0 <6.0.0",
      "resolved": "https://registry.npmjs.org/dot-prop/-/dot-prop-5.2.0.tgz"
    },
    "duplexer3": {
      "version": "0.1.4",
      "from": "duplexer3@>=0.1.4 <0.2.0",
      "resolved": "https://registry.npmjs.org/duplexer3/-/duplexer3-0.1.4.tgz"
    },
    "ee-first": {
      "version": "1.1.1",
      "from": "ee-first@1.1.1",
      "resolved": "https://registry.npmjs.org/ee-first/-/ee-first-1.1.1.tgz"
    },
    "emoji-regex": {
      "version": "7.0.3",
      "from": "emoji-regex@>=7.0.1 <8.0.0",
      "resolved": "https://registry.npmjs.org/emoji-regex/-/emoji-regex-7.0.3.tgz"
    },
    "encodeurl": {
      "version": "1.0.2",
      "from": "encodeurl@>=1.0.2 <1.1.0",
      "resolved": "https://registry.npmjs.org/encodeurl/-/encodeurl-1.0.2.tgz"
    },
    "end-of-stream": {
      "version": "1.4.4",
      "from": "end-of-stream@>=1.1.0 <2.0.0",
      "resolved": "https://registry.npmjs.org/end-of-stream/-/end-of-stream-1.4.4.tgz"
    },
    "escape-goat": {
      "version": "2.1.1",
      "from": "escape-goat@>=2.0.0 <3.0.0",
      "resolved": "https://registry.npmjs.org/escape-goat/-/escape-goat-2.1.1.tgz"
    },
    "escape-html": {
      "version": "1.0.3",
      "from": "escape-html@>=1.0.3 <1.1.0",
      "resolved": "https://registry.npmjs.org/escape-html/-/escape-html-1.0.3.tgz"
    },
    "etag": {
      "version": "1.8.1",
      "from": "etag@>=1.8.1 <1.9.0",
      "resolved": "https://registry.npmjs.org/etag/-/etag-1.8.1.tgz"
    },
    "express": {
      "version": "4.17.1",
      "from": "express@latest",
      "resolved": "https://registry.npmjs.org/express/-/express-4.17.1.tgz"
    },
    "fill-range": {
      "version": "7.0.1",
      "from": "fill-range@>=7.0.1 <8.0.0",
      "resolved": "https://registry.npmjs.org/fill-range/-/fill-range-7.0.1.tgz"
    },
    "finalhandler": {
      "version": "1.1.2",
      "from": "finalhandler@>=1.1.2 <1.2.0",
      "resolved": "https://registry.npmjs.org/finalhandler/-/finalhandler-1.1.2.tgz"
    },
    "forwarded": {
      "version": "0.1.2",
      "from": "forwarded@>=0.1.2 <0.2.0",
      "resolved": "https://registry.npmjs.org/forwarded/-/forwarded-0.1.2.tgz"
    },
    "fresh": {
      "version": "0.5.2",
      "from": "fresh@0.5.2",
      "resolved": "https://registry.npmjs.org/fresh/-/fresh-0.5.2.tgz"
    },
    "get-stream": {
      "version": "4.1.0",
      "from": "get-stream@>=4.1.0 <5.0.0",
      "resolved": "https://registry.npmjs.org/get-stream/-/get-stream-4.1.0.tgz"
    },
    "glob-parent": {
      "version": "5.1.1",
      "from": "glob-parent@>=5.1.0 <5.2.0",
      "resolved": "https://registry.npmjs.org/glob-parent/-/glob-parent-5.1.1.tgz"
    },
    "global-dirs": {
      "version": "2.0.1",
      "from": "global-dirs@>=2.0.1 <3.0.0",
      "resolved": "https://registry.npmjs.org/global-dirs/-/global-dirs-2.0.1.tgz"
    },
    "got": {
      "version": "9.6.0",
      "from": "got@>=9.6.0 <10.0.0",
      "resolved": "https://registry.npmjs.org/got/-/got-9.6.0.tgz"
    },
    "graceful-fs": {
      "version": "4.2.3",
      "from": "graceful-fs@>=4.1.2 <5.0.0",
      "resolved": "https://registry.npmjs.org/graceful-fs/-/graceful-fs-4.2.3.tgz"
    },
    "has-flag": {
      "version": "3.0.0",
      "from": "has-flag@>=3.0.0 <4.0.0",
      "resolved": "https://registry.npmjs.org/has-flag/-/has-flag-3.0.0.tgz"
    },
    "has-yarn": {
      "version": "2.1.0",
      "from": "has-yarn@>=2.1.0 <3.0.0",
      "resolved": "https://registry.npmjs.org/has-yarn/-/has-yarn-2.1.0.tgz"
    },
    "http-cache-semantics": {
      "version": "4.1.0",
      "from": "http-cache-semantics@>=4.0.0 <5.0.0",
      "resolved": "https://registry.npmjs.org/http-cache-semantics/-/http-cache-semantics-4.1.0.tgz"
    },
    "http-errors": {
      "version": "1.7.2",
      "from": "http-errors@1.7.2",
      "resolved": "https://registry.npmjs.org/http-errors/-/http-errors-1.7.2.tgz"
    },
    "iconv-lite": {
      "version": "0.4.24",
      "from": "iconv-lite@0.4.24",
      "resolved": "https://registry.npmjs.org/iconv-lite/-/iconv-lite-0.4.24.tgz"
    },
    "ignore-by-default": {
      "version": "1.0.1",
      "from": "ignore-by-default@>=1.0.1 <2.0.0",
      "resolved": "https://registry.npmjs.org/ignore-by-default/-/ignore-by-default-1.0.1.tgz"
    },
    "import-lazy": {
      "version": "2.1.0",
      "from": "import-lazy@>=2.1.0 <3.0.0",
      "resolved": "https://registry.npmjs.org/import-lazy/-/import-lazy-2.1.0.tgz"
    },
    "imurmurhash": {
      "version": "0.1.4",
      "from": "imurmurhash@>=0.1.4 <0.2.0",
      "resolved": "https://registry.npmjs.org/imurmurhash/-/imurmurhash-0.1.4.tgz"
    },
    "inherits": {
      "version": "2.0.3",
      "from": "inherits@2.0.3",
      "resolved": "https://registry.npmjs.org/inherits/-/inherits-2.0.3.tgz"
    },
    "ini": {
      "version": "1.3.5",
      "from": "ini@>=1.3.5 <2.0.0",
      "resolved": "https://registry.npmjs.org/ini/-/ini-1.3.5.tgz"
    },
    "ipaddr.js": {
      "version": "1.9.1",
      "from": "ipaddr.js@1.9.1",
      "resolved": "https://registry.npmjs.org/ipaddr.js/-/ipaddr.js-1.9.1.tgz"
    },
    "is-binary-path": {
      "version": "2.1.0",
      "from": "is-binary-path@>=2.1.0 <2.2.0",
      "resolved": "https://registry.npmjs.org/is-binary-path/-/is-binary-path-2.1.0.tgz"
    },
    "is-ci": {
      "version": "2.0.0",
      "from": "is-ci@>=2.0.0 <3.0.0",
      "resolved": "https://registry.npmjs.org/is-ci/-/is-ci-2.0.0.tgz"
    },
    "is-extglob": {
      "version": "2.1.1",
      "from": "is-extglob@>=2.1.1 <3.0.0",
      "resolved": "https://registry.npmjs.org/is-extglob/-/is-extglob-2.1.1.tgz"
    },
    "is-fullwidth-code-point": {
      "version": "2.0.0",
      "from": "is-fullwidth-code-point@>=2.0.0 <3.0.0",
      "resolved": "https://registry.npmjs.org/is-fullwidth-code-point/-/is-fullwidth-code-point-2.0.0.tgz"
    },
    "is-glob": {
      "version": "4.0.1",
      "from": "is-glob@>=4.0.1 <4.1.0",
      "resolved": "https://registry.npmjs.org/is-glob/-/is-glob-4.0.1.tgz"
    },
    "is-installed-globally": {
      "version": "0.3.2",
      "from": "is-installed-globally@>=0.3.1 <0.4.0",
      "resolved": "https://registry.npmjs.org/is-installed-globally/-/is-installed-globally-0.3.2.tgz"
    },
    "is-npm": {
      "version": "4.0.0",
      "from": "is-npm@>=4.0.0 <5.0.0",
      "resolved": "https://registry.npmjs.org/is-npm/-/is-npm-4.0.0.tgz"
    },
    "is-number": {
      "version": "7.0.0",
      "from": "is-number@>=7.0.0 <8.0.0",
      "resolved": "https://registry.npmjs.org/is-number/-/is-number-7.0.0.tgz"
    },
    "is-obj": {
      "version": "2.0.0",
      "from": "is-obj@>=2.0.0 <3.0.0",
      "resolved": "https://registry.npmjs.org/is-obj/-/is-obj-2.0.0.tgz"
    },
    "is-path-inside": {
      "version": "3.0.2",
      "from": "is-path-inside@>=3.0.1 <4.0.0",
      "resolved": "https://registry.npmjs.org/is-path-inside/-/is-path-inside-3.0.2.tgz"
    },
    "is-typedarray": {
      "version": "1.0.0",
      "from": "is-typedarray@>=1.0.0 <2.0.0",
      "resolved": "https://registry.npmjs.org/is-typedarray/-/is-typedarray-1.0.0.tgz"
    },
    "is-yarn-global": {
      "version": "0.3.0",
      "from": "is-yarn-global@>=0.3.0 <0.4.0",
      "resolved": "https://registry.npmjs.org/is-yarn-global/-/is-yarn-global-0.3.0.tgz"
    },
    "isarray": {
      "version": "1.0.0",
      "from": "isarray@>=1.0.0 <1.1.0",
      "resolved": "https://registry.npmjs.org/isarray/-/isarray-1.0.0.tgz"
    },
    "json-buffer": {
      "version": "3.0.0",
      "from": "json-buffer@3.0.0",
      "resolved": "https://registry.npmjs.org/json-buffer/-/json-buffer-3.0.0.tgz"
    },
    "keyv": {
      "version": "3.1.0",
      "from": "keyv@>=3.0.0 <4.0.0",
      "resolved": "https://registry.npmjs.org/keyv/-/keyv-3.1.0.tgz"
    },
    "latest-version": {
      "version": "5.1.0",
      "from": "latest-version@>=5.0.0 <6.0.0",
      "resolved": "https://registry.npmjs.org/latest-version/-/latest-version-5.1.0.tgz"
    },
    "lowercase-keys": {
      "version": "1.0.1",
      "from": "lowercase-keys@>=1.0.1 <2.0.0",
      "resolved": "https://registry.npmjs.org/lowercase-keys/-/lowercase-keys-1.0.1.tgz"
    },
    "make-dir": {
      "version": "3.0.2",
      "from": "make-dir@>=3.0.0 <4.0.0",
      "resolved": "https://registry.npmjs.org/make-dir/-/make-dir-3.0.2.tgz",
      "dependencies": {
        "semver": {
          "version": "6.3.0",
          "from": "semver@>=6.0.0 <7.0.0",
          "resolved": "https://registry.npmjs.org/semver/-/semver-6.3.0.tgz"
        }
      }
    },
    "media-typer": {
      "version": "0.3.0",
      "from": "media-typer@0.3.0",
      "resolved": "https://registry.npmjs.org/media-typer/-/media-typer-0.3.0.tgz"
    },
    "merge-descriptors": {
      "version": "1.0.1",
      "from": "merge-descriptors@1.0.1",
      "resolved": "https://registry.npmjs.org/merge-descriptors/-/merge-descriptors-1.0.1.tgz"
    },
    "methods": {
      "version": "1.1.2",
      "from": "methods@>=1.1.2 <1.2.0",
      "resolved": "https://registry.npmjs.org/methods/-/methods-1.1.2.tgz"
    },
    "mime": {
      "version": "1.6.0",
      "from": "mime@1.6.0",
      "resolved": "https://registry.npmjs.org/mime/-/mime-1.6.0.tgz"
    },
    "mime-db": {
      "version": "1.43.0",
      "from": "mime-db@1.43.0",
      "resolved": "https://registry.npmjs.org/mime-db/-/mime-db-1.43.0.tgz"
    },
    "mime-types": {
      "version": "2.1.26",
      "from": "mime-types@>=2.1.24 <2.2.0",
      "resolved": "https://registry.npmjs.org/mime-types/-/mime-types-2.1.26.tgz"
    },
    "mimic-response": {
      "version": "1.0.1",
      "from": "mimic-response@>=1.0.1 <2.0.0",
      "resolved": "https://registry.npmjs.org/mimic-response/-/mimic-response-1.0.1.tgz"
    },
    "minimatch": {
      "version": "3.0.4",
      "from": "minimatch@>=3.0.4 <4.0.0",
      "resolved": "https://registry.npmjs.org/minimatch/-/minimatch-3.0.4.tgz"
    },
    "minimist": {
      "version": "1.2.5",
      "from": "minimist@>=1.2.0 <2.0.0",
      "resolved": "https://registry.npmjs.org/minimist/-/minimist-1.2.5.tgz"
    },
    "ms": {
      "version": "2.0.0",
      "from": "ms@2.0.0",
      "resolved": "https://registry.npmjs.org/ms/-/ms-2.0.0.tgz"
    },
    "mysql": {
      "version": "2.18.1",
      "from": "mysql@latest",
      "resolved": "https://registry.npmjs.org/mysql/-/mysql-2.18.1.tgz"
    },
    "negotiator": {
      "version": "0.6.2",
      "from": "negotiator@0.6.2",
      "resolved": "https://registry.npmjs.org/negotiator/-/negotiator-0.6.2.tgz"
    },
    "nodemon": {
      "version": "2.0.3",
      "from": "nodemon@latest",
      "resolved": "https://registry.npmjs.org/nodemon/-/nodemon-2.0.3.tgz",
      "dependencies": {
        "debug": {
          "version": "3.2.6",
          "from": "debug@>=3.2.6 <4.0.0",
          "resolved": "https://registry.npmjs.org/debug/-/debug-3.2.6.tgz"
        },
        "ms": {
          "version": "2.1.2",
          "from": "ms@>=2.1.1 <3.0.0",
          "resolved": "https://registry.npmjs.org/ms/-/ms-2.1.2.tgz"
        }
      }
    },
    "nopt": {
      "version": "1.0.10",
      "from": "nopt@>=1.0.10 <1.1.0",
      "resolved": "https://registry.npmjs.org/nopt/-/nopt-1.0.10.tgz"
    },
    "normalize-path": {
      "version": "3.0.0",
      "from": "normalize-path@>=3.0.0 <3.1.0",
      "resolved": "https://registry.npmjs.org/normalize-path/-/normalize-path-3.0.0.tgz"
    },
    "normalize-url": {
      "version": "4.5.0",
      "from": "normalize-url@>=4.1.0 <5.0.0",
      "resolved": "https://registry.npmjs.org/normalize-url/-/normalize-url-4.5.0.tgz"
    },
    "object-assign": {
      "version": "4.1.1",
      "from": "object-assign@>=4.0.0 <5.0.0",
      "resolved": "https://registry.npmjs.org/object-assign/-/object-assign-4.1.1.tgz"
    },
    "on-finished": {
      "version": "2.3.0",
      "from": "on-finished@>=2.3.0 <2.4.0",
      "resolved": "https://registry.npmjs.org/on-finished/-/on-finished-2.3.0.tgz"
    },
    "once": {
      "version": "1.4.0",
      "from": "once@>=1.3.1 <2.0.0",
      "resolved": "https://registry.npmjs.org/once/-/once-1.4.0.tgz"
    },
    "p-cancelable": {
      "version": "1.1.0",
      "from": "p-cancelable@>=1.0.0 <2.0.0",
      "resolved": "https://registry.npmjs.org/p-cancelable/-/p-cancelable-1.1.0.tgz"
    },
    "package-json": {
      "version": "6.5.0",
      "from": "package-json@>=6.3.0 <7.0.0",
      "resolved": "https://registry.npmjs.org/package-json/-/package-json-6.5.0.tgz",
      "dependencies": {
        "semver": {
          "version": "6.3.0",
          "from": "semver@>=6.2.0 <7.0.0",
          "resolved": "https://registry.npmjs.org/semver/-/semver-6.3.0.tgz"
        }
      }
    },
    "parseurl": {
      "version": "1.3.3",
      "from": "parseurl@>=1.3.3 <1.4.0",
      "resolved": "https://registry.npmjs.org/parseurl/-/parseurl-1.3.3.tgz"
    },
    "path-to-regexp": {
      "version": "0.1.7",
      "from": "path-to-regexp@0.1.7",
      "resolved": "https://registry.npmjs.org/path-to-regexp/-/path-to-regexp-0.1.7.tgz"
    },
    "picomatch": {
      "version": "2.2.2",
      "from": "picomatch@>=2.0.4 <3.0.0",
      "resolved": "https://registry.npmjs.org/picomatch/-/picomatch-2.2.2.tgz"
    },
    "prepend-http": {
      "version": "2.0.0",
      "from": "prepend-http@>=2.0.0 <3.0.0",
      "resolved": "https://registry.npmjs.org/prepend-http/-/prepend-http-2.0.0.tgz"
    },
    "process-nextick-args": {
      "version": "2.0.1",
      "from": "process-nextick-args@>=2.0.0 <2.1.0",
      "resolved": "https://registry.npmjs.org/process-nextick-args/-/process-nextick-args-2.0.1.tgz"
    },
    "proxy-addr": {
      "version": "2.0.6",
      "from": "proxy-addr@>=2.0.5 <2.1.0",
      "resolved": "https://registry.npmjs.org/proxy-addr/-/proxy-addr-2.0.6.tgz"
    },
    "pstree.remy": {
      "version": "1.1.7",
      "from": "pstree.remy@>=1.1.7 <2.0.0",
      "resolved": "https://registry.npmjs.org/pstree.remy/-/pstree.remy-1.1.7.tgz"
    },
    "pump": {
      "version": "3.0.0",
      "from": "pump@>=3.0.0 <4.0.0",
      "resolved": "https://registry.npmjs.org/pump/-/pump-3.0.0.tgz"
    },
    "pupa": {
      "version": "2.0.1",
      "from": "pupa@>=2.0.1 <3.0.0",
      "resolved": "https://registry.npmjs.org/pupa/-/pupa-2.0.1.tgz"
    },
    "qs": {
      "version": "6.7.0",
      "from": "qs@6.7.0",
      "resolved": "https://registry.npmjs.org/qs/-/qs-6.7.0.tgz"
    },
    "range-parser": {
      "version": "1.2.1",
      "from": "range-parser@>=1.2.1 <1.3.0",
      "resolved": "https://registry.npmjs.org/range-parser/-/range-parser-1.2.1.tgz"
    },
    "raw-body": {
      "version": "2.4.0",
      "from": "raw-body@2.4.0",
      "resolved": "https://registry.npmjs.org/raw-body/-/raw-body-2.4.0.tgz"
    },
    "rc": {
      "version": "1.2.8",
      "from": "rc@>=1.2.8 <2.0.0",
      "resolved": "https://registry.npmjs.org/rc/-/rc-1.2.8.tgz"
    },
    "readable-stream": {
      "version": "2.3.7",
      "from": "readable-stream@2.3.7",
      "resolved": "https://registry.npmjs.org/readable-stream/-/readable-stream-2.3.7.tgz"
    },
    "readdirp": {
      "version": "3.3.0",
      "from": "readdirp@>=3.3.0 <3.4.0",
      "resolved": "https://registry.npmjs.org/readdirp/-/readdirp-3.3.0.tgz"
    },
    "registry-auth-token": {
      "version": "4.1.1",
      "from": "registry-auth-token@>=4.0.0 <5.0.0",
      "resolved": "https://registry.npmjs.org/registry-auth-token/-/registry-auth-token-4.1.1.tgz"
    },
    "registry-url": {
      "version": "5.1.0",
      "from": "registry-url@>=5.0.0 <6.0.0",
      "resolved": "https://registry.npmjs.org/registry-url/-/registry-url-5.1.0.tgz"
    },
    "responselike": {
      "version": "1.0.2",
      "from": "responselike@>=1.0.2 <2.0.0",
      "resolved": "https://registry.npmjs.org/responselike/-/responselike-1.0.2.tgz"
    },
    "safe-buffer": {
      "version": "5.1.2",
      "from": "safe-buffer@5.1.2",
      "resolved": "https://registry.npmjs.org/safe-buffer/-/safe-buffer-5.1.2.tgz"
    },
    "safer-buffer": {
      "version": "2.1.2",
      "from": "safer-buffer@>=2.1.2 <3.0.0",
      "resolved": "https://registry.npmjs.org/safer-buffer/-/safer-buffer-2.1.2.tgz"
    },
    "semver": {
      "version": "5.7.1",
      "from": "semver@>=5.7.1 <6.0.0",
      "resolved": "https://registry.npmjs.org/semver/-/semver-5.7.1.tgz"
    },
    "semver-diff": {
      "version": "3.1.1",
      "from": "semver-diff@>=3.1.1 <4.0.0",
      "resolved": "https://registry.npmjs.org/semver-diff/-/semver-diff-3.1.1.tgz",
      "dependencies": {
        "semver": {
          "version": "6.3.0",
          "from": "semver@>=6.3.0 <7.0.0",
          "resolved": "https://registry.npmjs.org/semver/-/semver-6.3.0.tgz"
        }
      }
    },
    "send": {
      "version": "0.17.1",
      "from": "send@0.17.1",
      "resolved": "https://registry.npmjs.org/send/-/send-0.17.1.tgz",
      "dependencies": {
        "ms": {
          "version": "2.1.1",
          "from": "ms@2.1.1",
          "resolved": "https://registry.npmjs.org/ms/-/ms-2.1.1.tgz"
        }
      }
    },
    "serve-static": {
      "version": "1.14.1",
      "from": "serve-static@1.14.1",
      "resolved": "https://registry.npmjs.org/serve-static/-/serve-static-1.14.1.tgz"
    },
    "setprototypeof": {
      "version": "1.1.1",
      "from": "setprototypeof@1.1.1",
      "resolved": "https://registry.npmjs.org/setprototypeof/-/setprototypeof-1.1.1.tgz"
    },
    "signal-exit": {
      "version": "3.0.3",
      "from": "signal-exit@>=3.0.2 <4.0.0",
      "resolved": "https://registry.npmjs.org/signal-exit/-/signal-exit-3.0.3.tgz"
    },
    "sqlstring": {
      "version": "2.3.1",
      "from": "sqlstring@2.3.1",
      "resolved": "https://registry.npmjs.org/sqlstring/-/sqlstring-2.3.1.tgz"
    },
    "statuses": {
      "version": "1.5.0",
      "from": "statuses@>=1.5.0 <1.6.0",
      "resolved": "https://registry.npmjs.org/statuses/-/statuses-1.5.0.tgz"
    },
    "string_decoder": {
      "version": "1.1.1",
      "from": "string_decoder@>=1.1.1 <1.2.0",
      "resolved": "https://registry.npmjs.org/string_decoder/-/string_decoder-1.1.1.tgz"
    },
    "string-width": {
      "version": "4.2.0",
      "from": "string-width@>=4.1.0 <5.0.0",
      "resolved": "https://registry.npmjs.org/string-width/-/string-width-4.2.0.tgz",
      "dependencies": {
        "ansi-regex": {
          "version": "5.0.0",
          "from": "ansi-regex@>=5.0.0 <6.0.0",
          "resolved": "https://registry.npmjs.org/ansi-regex/-/ansi-regex-5.0.0.tgz"
        },
        "emoji-regex": {
          "version": "8.0.0",
          "from": "emoji-regex@>=8.0.0 <9.0.0",
          "resolved": "https://registry.npmjs.org/emoji-regex/-/emoji-regex-8.0.0.tgz"
        },
        "is-fullwidth-code-point": {
          "version": "3.0.0",
          "from": "is-fullwidth-code-point@>=3.0.0 <4.0.0",
          "resolved": "https://registry.npmjs.org/is-fullwidth-code-point/-/is-fullwidth-code-point-3.0.0.tgz"
        },
        "strip-ansi": {
          "version": "6.0.0",
          "from": "strip-ansi@>=6.0.0 <7.0.0",
          "resolved": "https://registry.npmjs.org/strip-ansi/-/strip-ansi-6.0.0.tgz"
        }
      }
    },
    "strip-ansi": {
      "version": "5.2.0",
      "from": "strip-ansi@>=5.1.0 <6.0.0",
      "resolved": "https://registry.npmjs.org/strip-ansi/-/strip-ansi-5.2.0.tgz"
    },
    "strip-json-comments": {
      "version": "2.0.1",
      "from": "strip-json-comments@>=2.0.1 <2.1.0",
      "resolved": "https://registry.npmjs.org/strip-json-comments/-/strip-json-comments-2.0.1.tgz"
    },
    "supports-color": {
      "version": "5.5.0",
      "from": "supports-color@>=5.5.0 <6.0.0",
      "resolved": "https://registry.npmjs.org/supports-color/-/supports-color-5.5.0.tgz"
    },
    "term-size": {
      "version": "2.2.0",
      "from": "term-size@>=2.1.0 <3.0.0",
      "resolved": "https://registry.npmjs.org/term-size/-/term-size-2.2.0.tgz"
    },
    "to-readable-stream": {
      "version": "1.0.0",
      "from": "to-readable-stream@>=1.0.0 <2.0.0",
      "resolved": "https://registry.npmjs.org/to-readable-stream/-/to-readable-stream-1.0.0.tgz"
    },
    "to-regex-range": {
      "version": "5.0.1",
      "from": "to-regex-range@>=5.0.1 <6.0.0",
      "resolved": "https://registry.npmjs.org/to-regex-range/-/to-regex-range-5.0.1.tgz"
    },
    "toidentifier": {
      "version": "1.0.0",
      "from": "toidentifier@1.0.0",
      "resolved": "https://registry.npmjs.org/toidentifier/-/toidentifier-1.0.0.tgz"
    },
    "touch": {
      "version": "3.1.0",
      "from": "touch@>=3.1.0 <4.0.0",
      "resolved": "https://registry.npmjs.org/touch/-/touch-3.1.0.tgz"
    },
    "type-fest": {
      "version": "0.8.1",
      "from": "type-fest@>=0.8.1 <0.9.0",
      "resolved": "https://registry.npmjs.org/type-fest/-/type-fest-0.8.1.tgz"
    },
    "type-is": {
      "version": "1.6.18",
      "from": "type-is@>=1.6.18 <1.7.0",
      "resolved": "https://registry.npmjs.org/type-is/-/type-is-1.6.18.tgz"
    },
    "typedarray-to-buffer": {
      "version": "3.1.5",
      "from": "typedarray-to-buffer@>=3.1.5 <4.0.0",
      "resolved": "https://registry.npmjs.org/typedarray-to-buffer/-/typedarray-to-buffer-3.1.5.tgz"
    },
    "undefsafe": {
      "version": "2.0.3",
      "from": "undefsafe@>=2.0.2 <3.0.0",
      "resolved": "https://registry.npmjs.org/undefsafe/-/undefsafe-2.0.3.tgz"
    },
    "unique-string": {
      "version": "2.0.0",
      "from": "unique-string@>=2.0.0 <3.0.0",
      "resolved": "https://registry.npmjs.org/unique-string/-/unique-string-2.0.0.tgz"
    },
    "unpipe": {
      "version": "1.0.0",
      "from": "unpipe@1.0.0",
      "resolved": "https://registry.npmjs.org/unpipe/-/unpipe-1.0.0.tgz"
    },
    "update-notifier": {
      "version": "4.1.0",
      "from": "update-notifier@>=4.0.0 <5.0.0",
      "resolved": "https://registry.npmjs.org/update-notifier/-/update-notifier-4.1.0.tgz"
    },
    "url-parse-lax": {
      "version": "3.0.0",
      "from": "url-parse-lax@>=3.0.0 <4.0.0",
      "resolved": "https://registry.npmjs.org/url-parse-lax/-/url-parse-lax-3.0.0.tgz"
    },
    "util-deprecate": {
      "version": "1.0.2",
      "from": "util-deprecate@>=1.0.1 <1.1.0",
      "resolved": "https://registry.npmjs.org/util-deprecate/-/util-deprecate-1.0.2.tgz"
    },
    "utils-merge": {
      "version": "1.0.1",
      "from": "utils-merge@1.0.1",
      "resolved": "https://registry.npmjs.org/utils-merge/-/utils-merge-1.0.1.tgz"
    },
    "vary": {
      "version": "1.1.2",
      "from": "vary@>=1.1.2 <1.2.0",
      "resolved": "https://registry.npmjs.org/vary/-/vary-1.1.2.tgz"
    },
    "widest-line": {
      "version": "3.1.0",
      "from": "widest-line@>=3.1.0 <4.0.0",
      "resolved": "https://registry.npmjs.org/widest-line/-/widest-line-3.1.0.tgz"
    },
    "wrappy": {
      "version": "1.0.2",
      "from": "wrappy@>=1.0.0 <2.0.0",
      "resolved": "https://registry.npmjs.org/wrappy/-/wrappy-1.0.2.tgz"
    },
    "write-file-atomic": {
      "version": "3.0.3",
      "from": "write-file-atomic@>=3.0.0 <4.0.0",
      "resolved": "https://registry.npmjs.org/write-file-atomic/-/write-file-atomic-3.0.3.tgz"
    },
    "xdg-basedir": {
      "version": "4.0.0",
      "from": "xdg-basedir@>=4.0.0 <5.0.0",
      "resolved": "https://registry.npmjs.org/xdg-basedir/-/xdg-basedir-4.0.0.tgz"
    }
  }
}
